
Microsoft Visual Studio Solution File, Format Version 12.00
Project("{FAE04EC0-301F-11D3-BF4B-00C04F79EFBC}") = "AssoFlex", "AssoFlex\AssoFlex.csproj", "{70B76EFE-7EFA-4E16-B474-76E52CCE8F86}"
EndProject
Global
	GlobalSection(SolutionConfigurationPlatforms) = preSolution
		Debug|Any CPU = Debug|Any CPU
		Release|Any CPU = Release|Any CPU
	EndGlobalSection
	GlobalSection(ProjectConfigurationPlatforms) = postSolution
		{70B76EFE-7EFA-4E16-B474-76E52CCE8F86}.Debug|Any CPU.ActiveCfg = Debug|Any CPU
		{70B76EFE-7EFA-4E16-B474-76E52CCE8F86}.Debug|Any CPU.Build.0 = Debug|Any CPU
		{70B76EFE-7EFA-4E16-B474-76E52CCE8F86}.Release|Any CPU.ActiveCfg = Release|Any CPU
		{70B76EFE-7EFA-4E16-B474-76E52CCE8F86}.Release|Any CPU.Build.0 = Release|Any CPU
	EndGlobalSection
EndGlobal
